
Microsoft Visual Studio Solution File, Format Version 12.00
# Visual Studio 15
Project("{FAE04EC0-301F-11D3-BF4B-00C04F79EFBC}") = "PointOfSale", "PointOfSale\PointOfSale.csproj", "{0AEF9839-632F-41C5-9F1F-06F8CC630061}"
EndProject
Project("{FAE04EC0-301F-11D3-BF4B-00C04F79EFBC}") = "SalesStuffLibrary", "SalesStuffLibrary\SalesStuffLibrary.csproj", "{9606D774-D12E-4E91-B93E-6AD6A3FAB554}"
EndProject
Project("{FAE04EC0-301F-11D3-BF4B-00C04F79EFBC}") = "PointOfSaleTest", "PointOfSaleTest\PointOfSaleTest.csproj", "{2E474DB0-23F5-4505-94B5-B952B34A4D6A}"
EndProject
Global
	GlobalSection(SolutionConfigurationPlatforms) = preSolution
		Debug|Any CPU = Debug|Any CPU
		Release|Any CPU = Release|Any CPU
	EndGlobalSection
	GlobalSection(ProjectConfigurationPlatforms) = postSolution
		{0AEF9839-632F-41C5-9F1F-06F8CC630061}.Debug|Any CPU.ActiveCfg = Debug|Any CPU
		{0AEF9839-632F-41C5-9F1F-06F8CC630061}.Debug|Any CPU.Build.0 = Debug|Any CPU
		{0AEF9839-632F-41C5-9F1F-06F8CC630061}.Release|Any CPU.ActiveCfg = Release|Any CPU
		{0AEF9839-632F-41C5-9F1F-06F8CC630061}.Release|Any CPU.Build.0 = Release|Any CPU
		{9606D774-D12E-4E91-B93E-6AD6A3FAB554}.Debug|Any CPU.ActiveCfg = Debug|Any CPU
		{9606D774-D12E-4E91-B93E-6AD6A3FAB554}.Debug|Any CPU.Build.0 = Debug|Any CPU
		{9606D774-D12E-4E91-B93E-6AD6A3FAB554}.Release|Any CPU.ActiveCfg = Release|Any CPU
		{9606D774-D12E-4E91-B93E-6AD6A3FAB554}.Release|Any CPU.Build.0 = Release|Any CPU
		{2E474DB0-23F5-4505-94B5-B952B34A4D6A}.Debug|Any CPU.ActiveCfg = Debug|Any CPU
		{2E474DB0-23F5-4505-94B5-B952B34A4D6A}.Debug|Any CPU.Build.0 = Debug|Any CPU
		{2E474DB0-23F5-4505-94B5-B952B34A4D6A}.Release|Any CPU.ActiveCfg = Release|Any CPU
		{2E474DB0-23F5-4505-94B5-B952B34A4D6A}.Release|Any CPU.Build.0 = Release|Any CPU
	EndGlobalSection
EndGlobal
